{"SurveyEntry":{"SurveyID":"SV_9FFnijbKgL1aoku","SurveyName":"QSF-Empty","SurveyDescription":null,"SurveyOwnerID":"UR_9QSK4XhrWgHS1ZY","SurveyBrandID":"utrechtuniversity","DivisionID":"DV_eURwDSPocVcPyCh","SurveyLanguage":"EN","SurveyActiveResponseSet":"RS_00AJrktDjq05OYe","SurveyStatus":"Inactive","SurveyStartDate":"0000-00-00 00:00:00","SurveyExpirationDate":"0000-00-00 00:00:00","SurveyCreationDate":"2023-01-10 01:37:48","CreatorID":"UR_9QSK4XhrWgHS1ZY","LastModified":"2023-01-10 01:38:03","LastAccessed":"0000-00-00 00:00:00","LastActivated":"0000-00-00 00:00:00","Deleted":null},"SurveyElements":[{"SurveyID":"SV_9FFnijbKgL1aoku","Element":"BL","PrimaryAttribute":"Survey Blocks","SecondaryAttribute":null,"TertiaryAttribute":null,"Payload":[{"Type":"Default","Description":"Default Question Block","ID":"BL_08Qcxx33FFzyHEq","BlockElements":[]},{"Type":"Trash","Description":"Trash \/ Unused Questions","ID":"BL_897RpbgXgPikTbg","BlockElements":[]}]},{"SurveyID":"SV_9FFnijbKgL1aoku","Element":"FL","PrimaryAttribute":"Survey Flow","SecondaryAttribute":null,"TertiaryAttribute":null,"Payload":{"Flow":[{"ID":"BL_08Qcxx33FFzyHEq","Type":"Block","FlowID":"FL_2"}],"Properties":{"Count":2},"FlowID":"FL_1","Type":"Root"}},{"SurveyID":"SV_9FFnijbKgL1aoku","Element":"PL","PrimaryAttribute":"Preview Link","SecondaryAttribute":null,"TertiaryAttribute":null,"Payload":{"PreviewType":"Brand","PreviewID":"f804882a-c4ac-49f4-a756-4a77dc4fca2b"}},{"SurveyID":"SV_9FFnijbKgL1aoku","Element":"SO","PrimaryAttribute":"Survey Options","SecondaryAttribute":null,"TertiaryAttribute":null,"Payload":{"BackButton":"false","SaveAndContinue":"true","SurveyProtection":"PublicSurvey","BallotBoxStuffingPrevention":"false","NoIndex":"Yes","SecureResponseFiles":"true","SurveyExpiration":"None","SurveyTermination":"DefaultMessage","Header":"","Footer":"","ProgressBarDisplay":"None","PartialData":"+1 week","ValidationMessage":"","PreviousButton":"","NextButton":"","SurveyTitle":"Qualtrics Survey | Qualtrics Experience Management","SkinLibrary":"utrechtuniversity","SkinType":"templated","Skin":{"brandingId":"381247668","templateId":"*base","overrides":null},"NewScoring":1,"SurveyMetaDescription":"The most powerful, simple and trusted way to gather experience data. Start your journey to experience management and try a free account today."}},{"SurveyID":"SV_9FFnijbKgL1aoku","Element":"SCO","PrimaryAttribute":"Scoring","SecondaryAttribute":null,"TertiaryAttribute":null,"Payload":{"ScoringCategories":[],"ScoringCategoryGroups":[],"ScoringSummaryCategory":null,"ScoringSummaryAfterQuestions":0,"ScoringSummaryAfterSurvey":0,"DefaultScoringCategory":null,"AutoScoringCategory":null}},{"SurveyID":"SV_9FFnijbKgL1aoku","Element":"PROJ","PrimaryAttribute":"CORE","SecondaryAttribute":null,"TertiaryAttribute":"1.1.0","Payload":{"ProjectCategory":"CORE","SchemaVersion":"1.1.0"}},{"SurveyID":"SV_9FFnijbKgL1aoku","Element":"STAT","PrimaryAttribute":"Survey Statistics","SecondaryAttribute":null,"TertiaryAttribute":null,"Payload":{"MobileCompatible":true,"ID":"Survey Statistics"}},{"SurveyID":"SV_9FFnijbKgL1aoku","Element":"QC","PrimaryAttribute":"Survey Question Count","SecondaryAttribute":"1","TertiaryAttribute":null,"Payload":null},{"SurveyID":"SV_9FFnijbKgL1aoku","Element":"RS","PrimaryAttribute":"RS_00AJrktDjq05OYe","SecondaryAttribute":"Default Response Set","TertiaryAttribute":null,"Payload":null}]}